
Microsoft Visual Studio Solution File, Format Version 12.00
# Visual Studio Version 16
VisualStudioVersion = 16.0.29306.81
MinimumVisualStudioVersion = 10.0.40219.1
Project("{FAE04EC0-301F-11D3-BF4B-00C04F79EFBC}") = "BookshelfAPI", "BookshelfAPI\BookshelfAPI.csproj", "{965F9EEE-86E0-46A4-944C-E7D44DBFA097}"
EndProject
Global
	GlobalSection(SolutionConfigurationPlatforms) = preSolution
		Debug|Any CPU = Debug|Any CPU
		Release|Any CPU = Release|Any CPU
	EndGlobalSection
	GlobalSection(ProjectConfigurationPlatforms) = postSolution
		{965F9EEE-86E0-46A4-944C-E7D44DBFA097}.Debug|Any CPU.ActiveCfg = Debug|Any CPU
		{965F9EEE-86E0-46A4-944C-E7D44DBFA097}.Debug|Any CPU.Build.0 = Debug|Any CPU
		{965F9EEE-86E0-46A4-944C-E7D44DBFA097}.Release|Any CPU.ActiveCfg = Release|Any CPU
		{965F9EEE-86E0-46A4-944C-E7D44DBFA097}.Release|Any CPU.Build.0 = Release|Any CPU
	EndGlobalSection
	GlobalSection(SolutionProperties) = preSolution
		HideSolutionNode = FALSE
	EndGlobalSection
	GlobalSection(ExtensibilityGlobals) = postSolution
		SolutionGuid = {AAC3D232-53BF-4A5B-ABA2-96874B6E130F}
	EndGlobalSection
EndGlobal
